
Microsoft Visual Studio Solution File, Format Version 12.00
# Visual Studio Version 17
VisualStudioVersion = 17.7.34031.279
MinimumVisualStudioVersion = 10.0.40219.1
Project("{FAE04EC0-301F-11D3-BF4B-00C04F79EFBC}") = "MGS2 MC Cheat Trainer(WindowsOnly)", "MGS2-MC\MGS2 MC Cheat Trainer(WindowsOnly).csproj", "{EAB87157-1FA5-4D7C-B087-FBEF035E606A}"
EndProject
Global
	GlobalSection(SolutionConfigurationPlatforms) = preSolution
		Debug|x64 = Debug|x64
		Release|x64 = Release|x64
	EndGlobalSection
	GlobalSection(ProjectConfigurationPlatforms) = postSolution
		{EAB87157-1FA5-4D7C-B087-FBEF035E606A}.Debug|x64.ActiveCfg = Debug|x64
		{EAB87157-1FA5-4D7C-B087-FBEF035E606A}.Debug|x64.Build.0 = Debug|x64
		{EAB87157-1FA5-4D7C-B087-FBEF035E606A}.Release|x64.ActiveCfg = Release|x64
		{EAB87157-1FA5-4D7C-B087-FBEF035E606A}.Release|x64.Build.0 = Release|x64
	EndGlobalSection
	GlobalSection(SolutionProperties) = preSolution
		HideSolutionNode = FALSE
	EndGlobalSection
	GlobalSection(ExtensibilityGlobals) = postSolution
		SolutionGuid = {DD60E27C-5B25-4B5C-A760-46D82188282D}
	EndGlobalSection
EndGlobal
